
Microsoft Visual Studio Solution File, Format Version 12.00
# Visual Studio Version 16
VisualStudioVersion = 16.0.31613.86
MinimumVisualStudioVersion = 10.0.40219.1
Project("{FAE04EC0-301F-11D3-BF4B-00C04F79EFBC}") = "B0226497_段昱如_PDPR _Week6_5", "B0226497_段昱如_PDPR _Week6_5.csproj", "{20C731EC-9025-4368-9284-1C63883328DA}"
EndProject
Global
	GlobalSection(SolutionConfigurationPlatforms) = preSolution
		Debug|Any CPU = Debug|Any CPU
		Release|Any CPU = Release|Any CPU
	EndGlobalSection
	GlobalSection(ProjectConfigurationPlatforms) = postSolution
		{20C731EC-9025-4368-9284-1C63883328DA}.Debug|Any CPU.ActiveCfg = Debug|Any CPU
		{20C731EC-9025-4368-9284-1C63883328DA}.Debug|Any CPU.Build.0 = Debug|Any CPU
		{20C731EC-9025-4368-9284-1C63883328DA}.Release|Any CPU.ActiveCfg = Release|Any CPU
		{20C731EC-9025-4368-9284-1C63883328DA}.Release|Any CPU.Build.0 = Release|Any CPU
	EndGlobalSection
	GlobalSection(SolutionProperties) = preSolution
		HideSolutionNode = FALSE
	EndGlobalSection
	GlobalSection(ExtensibilityGlobals) = postSolution
		SolutionGuid = {6D7B051E-212E-4FF6-BF9F-93FD51A827C0}
	EndGlobalSection
EndGlobal
